
Microsoft Visual Studio Solution File, Format Version 12.00
# Visual Studio Version 17
VisualStudioVersion = 17.12.35527.113
MinimumVisualStudioVersion = 10.0.40219.1
Project("{FAE04EC0-301F-11D3-BF4B-00C04F79EFBC}") = "Day01", "Day01\Day01.csproj", "{396612D8-19B4-4A21-92C6-4F3EA62BDAF4}"
EndProject
Project("{FAE04EC0-301F-11D3-BF4B-00C04F79EFBC}") = "Common", "Common\Common.csproj", "{682E5D1C-B7F6-472F-A2DA-FC3B916E7079}"
EndProject
Project("{FAE04EC0-301F-11D3-BF4B-00C04F79EFBC}") = "Day02", "Day02\Day02.csproj", "{CF93AF9D-960B-4868-AF8E-FCBEF41BA1B9}"
EndProject
Project("{FAE04EC0-301F-11D3-BF4B-00C04F79EFBC}") = "Day03", "Day03\Day03.csproj", "{30669C2C-E32D-46B8-A708-9B145369651F}"
EndProject
Project("{FAE04EC0-301F-11D3-BF4B-00C04F79EFBC}") = "Day04", "Day04\Day04.csproj", "{B5C6C67B-D35E-4A53-9911-7AF028034FD0}"
EndProject
Project("{FAE04EC0-301F-11D3-BF4B-00C04F79EFBC}") = "Day05", "Day05\Day05.csproj", "{9BE1074D-94F4-49E0-AA38-F0BA44007916}"
EndProject
Project("{FAE04EC0-301F-11D3-BF4B-00C04F79EFBC}") = "Day06", "Day06\Day06.csproj", "{4734B50C-A8A4-4586-A4C7-6561E88BC1A1}"
EndProject
Project("{FAE04EC0-301F-11D3-BF4B-00C04F79EFBC}") = "Day07", "Day07\Day07.csproj", "{24F06691-1078-4EB3-AE7C-2043C56BE07E}"
EndProject
Project("{FAE04EC0-301F-11D3-BF4B-00C04F79EFBC}") = "Day08", "Day08\Day08.csproj", "{2C44F6C1-3E3A-496F-BE6B-72C337E0C6B3}"
EndProject
Project("{FAE04EC0-301F-11D3-BF4B-00C04F79EFBC}") = "Day09", "Day09\Day09.csproj", "{BFAAEDC2-A969-4408-9152-3A48E4A32EE2}"
EndProject
Project("{FAE04EC0-301F-11D3-BF4B-00C04F79EFBC}") = "Day10", "Day10\Day10.csproj", "{CCD87B20-B2BB-4045-AB55-7703331A0ADD}"
EndProject
Project("{FAE04EC0-301F-11D3-BF4B-00C04F79EFBC}") = "Day11", "Day11\Day11.csproj", "{E1E81701-F907-41FA-A8B3-8F59E9D0ED17}"
EndProject
Project("{FAE04EC0-301F-11D3-BF4B-00C04F79EFBC}") = "Day12", "Day12\Day12.csproj", "{EC903CDA-C359-4A17-A6B7-55B0BD9526EE}"
EndProject
Project("{FAE04EC0-301F-11D3-BF4B-00C04F79EFBC}") = "Day13", "Day13\Day13.csproj", "{E4DB2235-3DE9-4972-80AC-F2CA74973AC2}"
EndProject
Project("{FAE04EC0-301F-11D3-BF4B-00C04F79EFBC}") = "Day14", "Day14\Day14.csproj", "{717BC6BB-7F6B-4251-9E41-CE46BB6D538A}"
EndProject
Project("{FAE04EC0-301F-11D3-BF4B-00C04F79EFBC}") = "Day15", "Day15\Day15.csproj", "{DFF06B4B-51AC-4D33-B75A-3E693C9AA118}"
EndProject
Project("{FAE04EC0-301F-11D3-BF4B-00C04F79EFBC}") = "Day17", "Day17\Day17.csproj", "{71DD1855-637C-4225-8407-1FBDEFBCEF2C}"
EndProject
Project("{FAE04EC0-301F-11D3-BF4B-00C04F79EFBC}") = "Day16", "Day16\Day16.csproj", "{E047530C-10D9-4FE5-B534-428E75472FC7}"
EndProject
Project("{FAE04EC0-301F-11D3-BF4B-00C04F79EFBC}") = "Day18", "Day18\Day18.csproj", "{7BE8C826-21AC-42E0-B174-2C1600A3F410}"
EndProject
Project("{FAE04EC0-301F-11D3-BF4B-00C04F79EFBC}") = "Day19", "Day19\Day19.csproj", "{6C056159-1BD1-4AA2-B006-CED99974226A}"
EndProject
Project("{FAE04EC0-301F-11D3-BF4B-00C04F79EFBC}") = "Day20", "Day20\Day20.csproj", "{BC03CC3C-7B3D-44B5-8D67-AF8BD414F87D}"
EndProject
Project("{FAE04EC0-301F-11D3-BF4B-00C04F79EFBC}") = "Day21", "Day21\Day21.csproj", "{00478391-23CA-4D43-A99C-7D6DB21F3B59}"
EndProject
Global
	GlobalSection(SolutionConfigurationPlatforms) = preSolution
		Debug|Any CPU = Debug|Any CPU
		Release|Any CPU = Release|Any CPU
	EndGlobalSection
	GlobalSection(ProjectConfigurationPlatforms) = postSolution
		{396612D8-19B4-4A21-92C6-4F3EA62BDAF4}.Debug|Any CPU.ActiveCfg = Debug|Any CPU
		{396612D8-19B4-4A21-92C6-4F3EA62BDAF4}.Debug|Any CPU.Build.0 = Debug|Any CPU
		{396612D8-19B4-4A21-92C6-4F3EA62BDAF4}.Release|Any CPU.ActiveCfg = Release|Any CPU
		{396612D8-19B4-4A21-92C6-4F3EA62BDAF4}.Release|Any CPU.Build.0 = Release|Any CPU
		{682E5D1C-B7F6-472F-A2DA-FC3B916E7079}.Debug|Any CPU.ActiveCfg = Debug|Any CPU
		{682E5D1C-B7F6-472F-A2DA-FC3B916E7079}.Debug|Any CPU.Build.0 = Debug|Any CPU
		{682E5D1C-B7F6-472F-A2DA-FC3B916E7079}.Release|Any CPU.ActiveCfg = Release|Any CPU
		{682E5D1C-B7F6-472F-A2DA-FC3B916E7079}.Release|Any CPU.Build.0 = Release|Any CPU
		{CF93AF9D-960B-4868-AF8E-FCBEF41BA1B9}.Debug|Any CPU.ActiveCfg = Debug|Any CPU
		{CF93AF9D-960B-4868-AF8E-FCBEF41BA1B9}.Debug|Any CPU.Build.0 = Debug|Any CPU
		{CF93AF9D-960B-4868-AF8E-FCBEF41BA1B9}.Release|Any CPU.ActiveCfg = Release|Any CPU
		{CF93AF9D-960B-4868-AF8E-FCBEF41BA1B9}.Release|Any CPU.Build.0 = Release|Any CPU
		{30669C2C-E32D-46B8-A708-9B145369651F}.Debug|Any CPU.ActiveCfg = Debug|Any CPU
		{30669C2C-E32D-46B8-A708-9B145369651F}.Debug|Any CPU.Build.0 = Debug|Any CPU
		{30669C2C-E32D-46B8-A708-9B145369651F}.Release|Any CPU.ActiveCfg = Release|Any CPU
		{30669C2C-E32D-46B8-A708-9B145369651F}.Release|Any CPU.Build.0 = Release|Any CPU
		{B5C6C67B-D35E-4A53-9911-7AF028034FD0}.Debug|Any CPU.ActiveCfg = Debug|Any CPU
		{B5C6C67B-D35E-4A53-9911-7AF028034FD0}.Debug|Any CPU.Build.0 = Debug|Any CPU
		{B5C6C67B-D35E-4A53-9911-7AF028034FD0}.Release|Any CPU.ActiveCfg = Release|Any CPU
		{B5C6C67B-D35E-4A53-9911-7AF028034FD0}.Release|Any CPU.Build.0 = Release|Any CPU
		{9BE1074D-94F4-49E0-AA38-F0BA44007916}.Debug|Any CPU.ActiveCfg = Debug|Any CPU
		{9BE1074D-94F4-49E0-AA38-F0BA44007916}.Debug|Any CPU.Build.0 = Debug|Any CPU
		{9BE1074D-94F4-49E0-AA38-F0BA44007916}.Release|Any CPU.ActiveCfg = Release|Any CPU
		{9BE1074D-94F4-49E0-AA38-F0BA44007916}.Release|Any CPU.Build.0 = Release|Any CPU
		{4734B50C-A8A4-4586-A4C7-6561E88BC1A1}.Debug|Any CPU.ActiveCfg = Debug|Any CPU
		{4734B50C-A8A4-4586-A4C7-6561E88BC1A1}.Debug|Any CPU.Build.0 = Debug|Any CPU
		{4734B50C-A8A4-4586-A4C7-6561E88BC1A1}.Release|Any CPU.ActiveCfg = Release|Any CPU
		{4734B50C-A8A4-4586-A4C7-6561E88BC1A1}.Release|Any CPU.Build.0 = Release|Any CPU
		{24F06691-1078-4EB3-AE7C-2043C56BE07E}.Debug|Any CPU.ActiveCfg = Debug|Any CPU
		{24F06691-1078-4EB3-AE7C-2043C56BE07E}.Debug|Any CPU.Build.0 = Debug|Any CPU
		{24F06691-1078-4EB3-AE7C-2043C56BE07E}.Release|Any CPU.ActiveCfg = Release|Any CPU
		{24F06691-1078-4EB3-AE7C-2043C56BE07E}.Release|Any CPU.Build.0 = Release|Any CPU
		{2C44F6C1-3E3A-496F-BE6B-72C337E0C6B3}.Debug|Any CPU.ActiveCfg = Debug|Any CPU
		{2C44F6C1-3E3A-496F-BE6B-72C337E0C6B3}.Debug|Any CPU.Build.0 = Debug|Any CPU
		{2C44F6C1-3E3A-496F-BE6B-72C337E0C6B3}.Release|Any CPU.ActiveCfg = Release|Any CPU
		{2C44F6C1-3E3A-496F-BE6B-72C337E0C6B3}.Release|Any CPU.Build.0 = Release|Any CPU
		{BFAAEDC2-A969-4408-9152-3A48E4A32EE2}.Debug|Any CPU.ActiveCfg = Debug|Any CPU
		{BFAAEDC2-A969-4408-9152-3A48E4A32EE2}.Debug|Any CPU.Build.0 = Debug|Any CPU
		{BFAAEDC2-A969-4408-9152-3A48E4A32EE2}.Release|Any CPU.ActiveCfg = Release|Any CPU
		{BFAAEDC2-A969-4408-9152-3A48E4A32EE2}.Release|Any CPU.Build.0 = Release|Any CPU
		{CCD87B20-B2BB-4045-AB55-7703331A0ADD}.Debug|Any CPU.ActiveCfg = Debug|Any CPU
		{CCD87B20-B2BB-4045-AB55-7703331A0ADD}.Debug|Any CPU.Build.0 = Debug|Any CPU
		{CCD87B20-B2BB-4045-AB55-7703331A0ADD}.Release|Any CPU.ActiveCfg = Release|Any CPU
		{CCD87B20-B2BB-4045-AB55-7703331A0ADD}.Release|Any CPU.Build.0 = Release|Any CPU
		{E1E81701-F907-41FA-A8B3-8F59E9D0ED17}.Debug|Any CPU.ActiveCfg = Debug|Any CPU
		{E1E81701-F907-41FA-A8B3-8F59E9D0ED17}.Debug|Any CPU.Build.0 = Debug|Any CPU
		{E1E81701-F907-41FA-A8B3-8F59E9D0ED17}.Release|Any CPU.ActiveCfg = Release|Any CPU
		{E1E81701-F907-41FA-A8B3-8F59E9D0ED17}.Release|Any CPU.Build.0 = Release|Any CPU
		{EC903CDA-C359-4A17-A6B7-55B0BD9526EE}.Debug|Any CPU.ActiveCfg = Debug|Any CPU
		{EC903CDA-C359-4A17-A6B7-55B0BD9526EE}.Debug|Any CPU.Build.0 = Debug|Any CPU
		{EC903CDA-C359-4A17-A6B7-55B0BD9526EE}.Release|Any CPU.ActiveCfg = Release|Any CPU
		{EC903CDA-C359-4A17-A6B7-55B0BD9526EE}.Release|Any CPU.Build.0 = Release|Any CPU
		{E4DB2235-3DE9-4972-80AC-F2CA74973AC2}.Debug|Any CPU.ActiveCfg = Debug|Any CPU
		{E4DB2235-3DE9-4972-80AC-F2CA74973AC2}.Debug|Any CPU.Build.0 = Debug|Any CPU
		{E4DB2235-3DE9-4972-80AC-F2CA74973AC2}.Release|Any CPU.ActiveCfg = Release|Any CPU
		{E4DB2235-3DE9-4972-80AC-F2CA74973AC2}.Release|Any CPU.Build.0 = Release|Any CPU
		{717BC6BB-7F6B-4251-9E41-CE46BB6D538A}.Debug|Any CPU.ActiveCfg = Debug|Any CPU
		{717BC6BB-7F6B-4251-9E41-CE46BB6D538A}.Debug|Any CPU.Build.0 = Debug|Any CPU
		{717BC6BB-7F6B-4251-9E41-CE46BB6D538A}.Release|Any CPU.ActiveCfg = Release|Any CPU
		{717BC6BB-7F6B-4251-9E41-CE46BB6D538A}.Release|Any CPU.Build.0 = Release|Any CPU
		{DFF06B4B-51AC-4D33-B75A-3E693C9AA118}.Debug|Any CPU.ActiveCfg = Debug|Any CPU
		{DFF06B4B-51AC-4D33-B75A-3E693C9AA118}.Debug|Any CPU.Build.0 = Debug|Any CPU
		{DFF06B4B-51AC-4D33-B75A-3E693C9AA118}.Release|Any CPU.ActiveCfg = Release|Any CPU
		{DFF06B4B-51AC-4D33-B75A-3E693C9AA118}.Release|Any CPU.Build.0 = Release|Any CPU
		{71DD1855-637C-4225-8407-1FBDEFBCEF2C}.Debug|Any CPU.ActiveCfg = Debug|Any CPU
		{71DD1855-637C-4225-8407-1FBDEFBCEF2C}.Debug|Any CPU.Build.0 = Debug|Any CPU
		{71DD1855-637C-4225-8407-1FBDEFBCEF2C}.Release|Any CPU.ActiveCfg = Release|Any CPU
		{71DD1855-637C-4225-8407-1FBDEFBCEF2C}.Release|Any CPU.Build.0 = Release|Any CPU
		{E047530C-10D9-4FE5-B534-428E75472FC7}.Debug|Any CPU.ActiveCfg = Debug|Any CPU
		{E047530C-10D9-4FE5-B534-428E75472FC7}.Debug|Any CPU.Build.0 = Debug|Any CPU
		{E047530C-10D9-4FE5-B534-428E75472FC7}.Release|Any CPU.ActiveCfg = Release|Any CPU
		{E047530C-10D9-4FE5-B534-428E75472FC7}.Release|Any CPU.Build.0 = Release|Any CPU
		{7BE8C826-21AC-42E0-B174-2C1600A3F410}.Debug|Any CPU.ActiveCfg = Debug|Any CPU
		{7BE8C826-21AC-42E0-B174-2C1600A3F410}.Debug|Any CPU.Build.0 = Debug|Any CPU
		{7BE8C826-21AC-42E0-B174-2C1600A3F410}.Release|Any CPU.ActiveCfg = Release|Any CPU
		{7BE8C826-21AC-42E0-B174-2C1600A3F410}.Release|Any CPU.Build.0 = Release|Any CPU
		{6C056159-1BD1-4AA2-B006-CED99974226A}.Debug|Any CPU.ActiveCfg = Debug|Any CPU
		{6C056159-1BD1-4AA2-B006-CED99974226A}.Debug|Any CPU.Build.0 = Debug|Any CPU
		{6C056159-1BD1-4AA2-B006-CED99974226A}.Release|Any CPU.ActiveCfg = Release|Any CPU
		{6C056159-1BD1-4AA2-B006-CED99974226A}.Release|Any CPU.Build.0 = Release|Any CPU
		{BC03CC3C-7B3D-44B5-8D67-AF8BD414F87D}.Debug|Any CPU.ActiveCfg = Debug|Any CPU
		{BC03CC3C-7B3D-44B5-8D67-AF8BD414F87D}.Debug|Any CPU.Build.0 = Debug|Any CPU
		{BC03CC3C-7B3D-44B5-8D67-AF8BD414F87D}.Release|Any CPU.ActiveCfg = Release|Any CPU
		{BC03CC3C-7B3D-44B5-8D67-AF8BD414F87D}.Release|Any CPU.Build.0 = Release|Any CPU
		{00478391-23CA-4D43-A99C-7D6DB21F3B59}.Debug|Any CPU.ActiveCfg = Debug|Any CPU
		{00478391-23CA-4D43-A99C-7D6DB21F3B59}.Debug|Any CPU.Build.0 = Debug|Any CPU
		{00478391-23CA-4D43-A99C-7D6DB21F3B59}.Release|Any CPU.ActiveCfg = Release|Any CPU
		{00478391-23CA-4D43-A99C-7D6DB21F3B59}.Release|Any CPU.Build.0 = Release|Any CPU
	EndGlobalSection
	GlobalSection(SolutionProperties) = preSolution
		HideSolutionNode = FALSE
	EndGlobalSection
EndGlobal
